
Microsoft Visual Studio Solution File, Format Version 12.00
# Visual Studio 15
VisualStudioVersion = 15.0.28010.2048
MinimumVisualStudioVersion = 10.0.40219.1
Project("{FAE04EC0-301F-11D3-BF4B-00C04F79EFBC}") = "VoyagerInMars", "VoyagerInMars\VoyagerInMars.csproj", "{109CFFA7-984E-4F22-9BB2-839034A8D43A}"
EndProject
Global
	GlobalSection(SolutionConfigurationPlatforms) = preSolution
		Debug|Any CPU = Debug|Any CPU
		Release|Any CPU = Release|Any CPU
	EndGlobalSection
	GlobalSection(ProjectConfigurationPlatforms) = postSolution
		{109CFFA7-984E-4F22-9BB2-839034A8D43A}.Debug|Any CPU.ActiveCfg = Debug|Any CPU
		{109CFFA7-984E-4F22-9BB2-839034A8D43A}.Debug|Any CPU.Build.0 = Debug|Any CPU
		{109CFFA7-984E-4F22-9BB2-839034A8D43A}.Release|Any CPU.ActiveCfg = Release|Any CPU
		{109CFFA7-984E-4F22-9BB2-839034A8D43A}.Release|Any CPU.Build.0 = Release|Any CPU
	EndGlobalSection
	GlobalSection(SolutionProperties) = preSolution
		HideSolutionNode = FALSE
	EndGlobalSection
	GlobalSection(ExtensibilityGlobals) = postSolution
		SolutionGuid = {B8D5BB95-A1F3-491A-9F7A-157DCDEF8CC0}
	EndGlobalSection
EndGlobal
